
Microsoft Visual Studio Solution File, Format Version 12.00
# Visual Studio Version 17
VisualStudioVersion = 17.14.36408.4 d17.14
MinimumVisualStudioVersion = 10.0.40219.1
Project("{FAE04EC0-301F-11D3-BF4B-00C04F79EFBC}") = "Web2Oficial", "Web2Oficial.csproj", "{22C99E8F-9C53-427F-8430-568162476A3B}"
EndProject
Global
	GlobalSection(SolutionConfigurationPlatforms) = preSolution
		Debug|Any CPU = Debug|Any CPU
		Release|Any CPU = Release|Any CPU
	EndGlobalSection
	GlobalSection(ProjectConfigurationPlatforms) = postSolution
		{22C99E8F-9C53-427F-8430-568162476A3B}.Debug|Any CPU.ActiveCfg = Debug|Any CPU
		{22C99E8F-9C53-427F-8430-568162476A3B}.Debug|Any CPU.Build.0 = Debug|Any CPU
		{22C99E8F-9C53-427F-8430-568162476A3B}.Release|Any CPU.ActiveCfg = Release|Any CPU
		{22C99E8F-9C53-427F-8430-568162476A3B}.Release|Any CPU.Build.0 = Release|Any CPU
	EndGlobalSection
	GlobalSection(SolutionProperties) = preSolution
		HideSolutionNode = FALSE
	EndGlobalSection
	GlobalSection(ExtensibilityGlobals) = postSolution
		SolutionGuid = {0CD9EFE5-97C5-4259-9848-00BEC057D188}
	EndGlobalSection
EndGlobal
